
Microsoft Visual Studio Solution File, Format Version 12.00
# Visual Studio Version 16
VisualStudioVersion = 16.0.29613.14
MinimumVisualStudioVersion = 10.0.40219.1
Project("{9A19103F-16F7-4668-BE54-9A1E7A4F7556}") = "CRUD3", "CRUD3\CRUD3.csproj", "{3EACC862-EC85-42BE-88DD-672DC9D86394}"
EndProject
Project("{9A19103F-16F7-4668-BE54-9A1E7A4F7556}") = "Entities", "Entities\Entities.csproj", "{E048B3F1-71AB-4858-9172-3CECA185DF41}"
EndProject
Project("{9A19103F-16F7-4668-BE54-9A1E7A4F7556}") = "Repositories", "Repositories\Repositories.csproj", "{D6DF85AC-34E7-476C-8C50-1F894766DEB4}"
EndProject
Project("{9A19103F-16F7-4668-BE54-9A1E7A4F7556}") = "IRepositories", "IRepositories\IRepositories.csproj", "{338CC442-130B-4824-B0CA-2622A9ED7F5A}"
EndProject
Project("{9A19103F-16F7-4668-BE54-9A1E7A4F7556}") = "Database", "Database\Database.csproj", "{52F2692E-8A99-451A-BD6E-D45A2B794FFB}"
EndProject
Project("{9A19103F-16F7-4668-BE54-9A1E7A4F7556}") = "Business", "Business\Business.csproj", "{D6E723F8-80FB-4D8C-8478-8D72617C2D0D}"
EndProject
Project("{9A19103F-16F7-4668-BE54-9A1E7A4F7556}") = "API", "API\API.csproj", "{56904F9D-9E3F-438C-A171-D87C13B04674}"
EndProject
Project("{9A19103F-16F7-4668-BE54-9A1E7A4F7556}") = "IBusiness", "IBusiness\IBusiness.csproj", "{7558772A-2768-48D8-8BB1-E7F12D6C006E}"
EndProject
Project("{FAE04EC0-301F-11D3-BF4B-00C04F79EFBC}") = "Tests", "Tests\Tests.csproj", "{CD6388EF-8279-4C71-8770-E1A97B3671F3}"
EndProject
Global
	GlobalSection(SolutionConfigurationPlatforms) = preSolution
		Debug|Any CPU = Debug|Any CPU
		Release|Any CPU = Release|Any CPU
	EndGlobalSection
	GlobalSection(ProjectConfigurationPlatforms) = postSolution
		{3EACC862-EC85-42BE-88DD-672DC9D86394}.Debug|Any CPU.ActiveCfg = Debug|Any CPU
		{3EACC862-EC85-42BE-88DD-672DC9D86394}.Debug|Any CPU.Build.0 = Debug|Any CPU
		{3EACC862-EC85-42BE-88DD-672DC9D86394}.Release|Any CPU.ActiveCfg = Release|Any CPU
		{3EACC862-EC85-42BE-88DD-672DC9D86394}.Release|Any CPU.Build.0 = Release|Any CPU
		{E048B3F1-71AB-4858-9172-3CECA185DF41}.Debug|Any CPU.ActiveCfg = Debug|Any CPU
		{E048B3F1-71AB-4858-9172-3CECA185DF41}.Debug|Any CPU.Build.0 = Debug|Any CPU
		{E048B3F1-71AB-4858-9172-3CECA185DF41}.Release|Any CPU.ActiveCfg = Release|Any CPU
		{E048B3F1-71AB-4858-9172-3CECA185DF41}.Release|Any CPU.Build.0 = Release|Any CPU
		{D6DF85AC-34E7-476C-8C50-1F894766DEB4}.Debug|Any CPU.ActiveCfg = Debug|Any CPU
		{D6DF85AC-34E7-476C-8C50-1F894766DEB4}.Debug|Any CPU.Build.0 = Debug|Any CPU
		{D6DF85AC-34E7-476C-8C50-1F894766DEB4}.Release|Any CPU.ActiveCfg = Release|Any CPU
		{D6DF85AC-34E7-476C-8C50-1F894766DEB4}.Release|Any CPU.Build.0 = Release|Any CPU
		{338CC442-130B-4824-B0CA-2622A9ED7F5A}.Debug|Any CPU.ActiveCfg = Debug|Any CPU
		{338CC442-130B-4824-B0CA-2622A9ED7F5A}.Debug|Any CPU.Build.0 = Debug|Any CPU
		{338CC442-130B-4824-B0CA-2622A9ED7F5A}.Release|Any CPU.ActiveCfg = Release|Any CPU
		{338CC442-130B-4824-B0CA-2622A9ED7F5A}.Release|Any CPU.Build.0 = Release|Any CPU
		{52F2692E-8A99-451A-BD6E-D45A2B794FFB}.Debug|Any CPU.ActiveCfg = Debug|Any CPU
		{52F2692E-8A99-451A-BD6E-D45A2B794FFB}.Debug|Any CPU.Build.0 = Debug|Any CPU
		{52F2692E-8A99-451A-BD6E-D45A2B794FFB}.Release|Any CPU.ActiveCfg = Release|Any CPU
		{52F2692E-8A99-451A-BD6E-D45A2B794FFB}.Release|Any CPU.Build.0 = Release|Any CPU
		{D6E723F8-80FB-4D8C-8478-8D72617C2D0D}.Debug|Any CPU.ActiveCfg = Debug|Any CPU
		{D6E723F8-80FB-4D8C-8478-8D72617C2D0D}.Debug|Any CPU.Build.0 = Debug|Any CPU
		{D6E723F8-80FB-4D8C-8478-8D72617C2D0D}.Release|Any CPU.ActiveCfg = Release|Any CPU
		{D6E723F8-80FB-4D8C-8478-8D72617C2D0D}.Release|Any CPU.Build.0 = Release|Any CPU
		{56904F9D-9E3F-438C-A171-D87C13B04674}.Debug|Any CPU.ActiveCfg = Debug|Any CPU
		{56904F9D-9E3F-438C-A171-D87C13B04674}.Debug|Any CPU.Build.0 = Debug|Any CPU
		{56904F9D-9E3F-438C-A171-D87C13B04674}.Release|Any CPU.ActiveCfg = Release|Any CPU
		{56904F9D-9E3F-438C-A171-D87C13B04674}.Release|Any CPU.Build.0 = Release|Any CPU
		{7558772A-2768-48D8-8BB1-E7F12D6C006E}.Debug|Any CPU.ActiveCfg = Debug|Any CPU
		{7558772A-2768-48D8-8BB1-E7F12D6C006E}.Debug|Any CPU.Build.0 = Debug|Any CPU
		{7558772A-2768-48D8-8BB1-E7F12D6C006E}.Release|Any CPU.ActiveCfg = Release|Any CPU
		{7558772A-2768-48D8-8BB1-E7F12D6C006E}.Release|Any CPU.Build.0 = Release|Any CPU
		{CD6388EF-8279-4C71-8770-E1A97B3671F3}.Debug|Any CPU.ActiveCfg = Debug|Any CPU
		{CD6388EF-8279-4C71-8770-E1A97B3671F3}.Debug|Any CPU.Build.0 = Debug|Any CPU
		{CD6388EF-8279-4C71-8770-E1A97B3671F3}.Release|Any CPU.ActiveCfg = Release|Any CPU
		{CD6388EF-8279-4C71-8770-E1A97B3671F3}.Release|Any CPU.Build.0 = Release|Any CPU
	EndGlobalSection
	GlobalSection(SolutionProperties) = preSolution
		HideSolutionNode = FALSE
	EndGlobalSection
	GlobalSection(ExtensibilityGlobals) = postSolution
		SolutionGuid = {A69E4404-3386-460D-B29D-273A299709C3}
	EndGlobalSection
EndGlobal
